
Microsoft Visual Studio Solution File, Format Version 12.00
# Visual Studio 2013
VisualStudioVersion = 12.0.31101.0
MinimumVisualStudioVersion = 10.0.40219.1
Project("{8BC9CEB8-8B4A-11D0-8D11-00A0C91BC942}") = "blowbox", "blowbox\blowbox.vcxproj", "{6D58A2CD-DB60-4547-AC94-52F06545C3F2}"
EndProject
Project("{8BC9CEB8-8B4A-11D0-8D11-00A0C91BC942}") = "blowbox_test", "blowbox_test\blowbox_test.vcxproj", "{E75EDCE2-3265-4CDD-A588-7289CEB68AF3}"
	ProjectSection(ProjectDependencies) = postProject
		{6D58A2CD-DB60-4547-AC94-52F06545C3F2} = {6D58A2CD-DB60-4547-AC94-52F06545C3F2}
	EndProjectSection
EndProject
Project("{8BC9CEB8-8B4A-11D0-8D11-00A0C91BC942}") = "blowbox_console", "blowbox_console\blowbox_console.vcxproj", "{AC62BF1C-257B-494B-9D57-6E5D0C57A44A}"
	ProjectSection(ProjectDependencies) = postProject
		{6D58A2CD-DB60-4547-AC94-52F06545C3F2} = {6D58A2CD-DB60-4547-AC94-52F06545C3F2}
		{E75EDCE2-3265-4CDD-A588-7289CEB68AF3} = {E75EDCE2-3265-4CDD-A588-7289CEB68AF3}
	EndProjectSection
EndProject
Global
	GlobalSection(SolutionConfigurationPlatforms) = preSolution
		Debug|Mixed Platforms = Debug|Mixed Platforms
		Debug|Win32 = Debug|Win32
		Debug|x64 = Debug|x64
		Debug|x86 = Debug|x86
		DebugHeap|Mixed Platforms = DebugHeap|Mixed Platforms
		DebugHeap|Win32 = DebugHeap|Win32
		DebugHeap|x64 = DebugHeap|x64
		DebugHeap|x86 = DebugHeap|x86
		Release|Mixed Platforms = Release|Mixed Platforms
		Release|Win32 = Release|Win32
		Release|x64 = Release|x64
		Release|x86 = Release|x86
	EndGlobalSection
	GlobalSection(ProjectConfigurationPlatforms) = postSolution
		{6D58A2CD-DB60-4547-AC94-52F06545C3F2}.Debug|Mixed Platforms.ActiveCfg = Debug|x64
		{6D58A2CD-DB60-4547-AC94-52F06545C3F2}.Debug|Mixed Platforms.Build.0 = Debug|x64
		{6D58A2CD-DB60-4547-AC94-52F06545C3F2}.Debug|Win32.ActiveCfg = Debug|x64
		{6D58A2CD-DB60-4547-AC94-52F06545C3F2}.Debug|x64.ActiveCfg = DebugHeap|x64
		{6D58A2CD-DB60-4547-AC94-52F06545C3F2}.Debug|x64.Build.0 = DebugHeap|x64
		{6D58A2CD-DB60-4547-AC94-52F06545C3F2}.Debug|x64.Deploy.0 = DebugHeap|x64
		{6D58A2CD-DB60-4547-AC94-52F06545C3F2}.Debug|x86.ActiveCfg = Debug|x64
		{6D58A2CD-DB60-4547-AC94-52F06545C3F2}.DebugHeap|Mixed Platforms.ActiveCfg = DebugHeap|x64
		{6D58A2CD-DB60-4547-AC94-52F06545C3F2}.DebugHeap|Mixed Platforms.Build.0 = DebugHeap|x64
		{6D58A2CD-DB60-4547-AC94-52F06545C3F2}.DebugHeap|Win32.ActiveCfg = DebugHeap|x64
		{6D58A2CD-DB60-4547-AC94-52F06545C3F2}.DebugHeap|x64.ActiveCfg = DebugHeap|x64
		{6D58A2CD-DB60-4547-AC94-52F06545C3F2}.DebugHeap|x64.Build.0 = DebugHeap|x64
		{6D58A2CD-DB60-4547-AC94-52F06545C3F2}.DebugHeap|x64.Deploy.0 = DebugHeap|x64
		{6D58A2CD-DB60-4547-AC94-52F06545C3F2}.DebugHeap|x86.ActiveCfg = DebugHeap|x64
		{6D58A2CD-DB60-4547-AC94-52F06545C3F2}.Release|Mixed Platforms.ActiveCfg = Release|x64
		{6D58A2CD-DB60-4547-AC94-52F06545C3F2}.Release|Mixed Platforms.Build.0 = Release|x64
		{6D58A2CD-DB60-4547-AC94-52F06545C3F2}.Release|Win32.ActiveCfg = Release|x64
		{6D58A2CD-DB60-4547-AC94-52F06545C3F2}.Release|x64.ActiveCfg = Release|x64
		{6D58A2CD-DB60-4547-AC94-52F06545C3F2}.Release|x64.Build.0 = Release|x64
		{6D58A2CD-DB60-4547-AC94-52F06545C3F2}.Release|x86.ActiveCfg = Release|x64
		{E75EDCE2-3265-4CDD-A588-7289CEB68AF3}.Debug|Mixed Platforms.ActiveCfg = Debug|Win32
		{E75EDCE2-3265-4CDD-A588-7289CEB68AF3}.Debug|Mixed Platforms.Build.0 = Debug|Win32
		{E75EDCE2-3265-4CDD-A588-7289CEB68AF3}.Debug|Win32.ActiveCfg = Debug|Win32
		{E75EDCE2-3265-4CDD-A588-7289CEB68AF3}.Debug|Win32.Build.0 = Debug|Win32
		{E75EDCE2-3265-4CDD-A588-7289CEB68AF3}.Debug|x64.ActiveCfg = DebugHeap|x64
		{E75EDCE2-3265-4CDD-A588-7289CEB68AF3}.Debug|x64.Build.0 = DebugHeap|x64
		{E75EDCE2-3265-4CDD-A588-7289CEB68AF3}.Debug|x86.ActiveCfg = Debug|Win32
		{E75EDCE2-3265-4CDD-A588-7289CEB68AF3}.Debug|x86.Build.0 = Debug|Win32
		{E75EDCE2-3265-4CDD-A588-7289CEB68AF3}.DebugHeap|Mixed Platforms.ActiveCfg = DebugHeap|Win32
		{E75EDCE2-3265-4CDD-A588-7289CEB68AF3}.DebugHeap|Mixed Platforms.Build.0 = DebugHeap|Win32
		{E75EDCE2-3265-4CDD-A588-7289CEB68AF3}.DebugHeap|Win32.ActiveCfg = DebugHeap|Win32
		{E75EDCE2-3265-4CDD-A588-7289CEB68AF3}.DebugHeap|Win32.Build.0 = DebugHeap|Win32
		{E75EDCE2-3265-4CDD-A588-7289CEB68AF3}.DebugHeap|x64.ActiveCfg = DebugHeap|x64
		{E75EDCE2-3265-4CDD-A588-7289CEB68AF3}.DebugHeap|x64.Build.0 = DebugHeap|x64
		{E75EDCE2-3265-4CDD-A588-7289CEB68AF3}.DebugHeap|x64.Deploy.0 = DebugHeap|x64
		{E75EDCE2-3265-4CDD-A588-7289CEB68AF3}.DebugHeap|x86.ActiveCfg = DebugHeap|Win32
		{E75EDCE2-3265-4CDD-A588-7289CEB68AF3}.DebugHeap|x86.Build.0 = DebugHeap|Win32
		{E75EDCE2-3265-4CDD-A588-7289CEB68AF3}.Release|Mixed Platforms.ActiveCfg = Release|Win32
		{E75EDCE2-3265-4CDD-A588-7289CEB68AF3}.Release|Mixed Platforms.Build.0 = Release|Win32
		{E75EDCE2-3265-4CDD-A588-7289CEB68AF3}.Release|Win32.ActiveCfg = Release|Win32
		{E75EDCE2-3265-4CDD-A588-7289CEB68AF3}.Release|Win32.Build.0 = Release|Win32
		{E75EDCE2-3265-4CDD-A588-7289CEB68AF3}.Release|x64.ActiveCfg = Release|x64
		{E75EDCE2-3265-4CDD-A588-7289CEB68AF3}.Release|x64.Build.0 = Release|x64
		{E75EDCE2-3265-4CDD-A588-7289CEB68AF3}.Release|x86.ActiveCfg = Release|Win32
		{E75EDCE2-3265-4CDD-A588-7289CEB68AF3}.Release|x86.Build.0 = Release|Win32
		{AC62BF1C-257B-494B-9D57-6E5D0C57A44A}.Debug|Mixed Platforms.ActiveCfg = Debug|x64
		{AC62BF1C-257B-494B-9D57-6E5D0C57A44A}.Debug|Mixed Platforms.Build.0 = Debug|x64
		{AC62BF1C-257B-494B-9D57-6E5D0C57A44A}.Debug|Win32.ActiveCfg = Debug|x64
		{AC62BF1C-257B-494B-9D57-6E5D0C57A44A}.Debug|x64.ActiveCfg = Debug|x64
		{AC62BF1C-257B-494B-9D57-6E5D0C57A44A}.Debug|x64.Build.0 = Debug|x64
		{AC62BF1C-257B-494B-9D57-6E5D0C57A44A}.Debug|x86.ActiveCfg = Debug|x64
		{AC62BF1C-257B-494B-9D57-6E5D0C57A44A}.DebugHeap|Mixed Platforms.ActiveCfg = DebugHeap|x64
		{AC62BF1C-257B-494B-9D57-6E5D0C57A44A}.DebugHeap|Mixed Platforms.Build.0 = DebugHeap|x64
		{AC62BF1C-257B-494B-9D57-6E5D0C57A44A}.DebugHeap|Win32.ActiveCfg = DebugHeap|x64
		{AC62BF1C-257B-494B-9D57-6E5D0C57A44A}.DebugHeap|x64.ActiveCfg = DebugHeap|x64
		{AC62BF1C-257B-494B-9D57-6E5D0C57A44A}.DebugHeap|x64.Build.0 = DebugHeap|x64
		{AC62BF1C-257B-494B-9D57-6E5D0C57A44A}.DebugHeap|x86.ActiveCfg = DebugHeap|x64
		{AC62BF1C-257B-494B-9D57-6E5D0C57A44A}.Release|Mixed Platforms.ActiveCfg = Release|x64
		{AC62BF1C-257B-494B-9D57-6E5D0C57A44A}.Release|Mixed Platforms.Build.0 = Release|x64
		{AC62BF1C-257B-494B-9D57-6E5D0C57A44A}.Release|Win32.ActiveCfg = Release|x64
		{AC62BF1C-257B-494B-9D57-6E5D0C57A44A}.Release|x64.ActiveCfg = Release|x64
		{AC62BF1C-257B-494B-9D57-6E5D0C57A44A}.Release|x64.Build.0 = Release|x64
		{AC62BF1C-257B-494B-9D57-6E5D0C57A44A}.Release|x86.ActiveCfg = Release|x64
	EndGlobalSection
	GlobalSection(SolutionProperties) = preSolution
		HideSolutionNode = FALSE
	EndGlobalSection
EndGlobal
