<?xml version="1.0" encoding="utf-8"?>
<Project ToolsVersion="4.0" xmlns="http://schemas.microsoft.com/developer/msbuild/2003">
  <ItemGroup>
    <ClCompile Include="main.cc" />
    <ClCompile Include="console\console.cc">
      <Filter>console</Filter>
    </ClCompile>
    <ClCompile Include="network\server.cc">
      <Filter>network</Filter>
    </ClCompile>
  </ItemGroup>
  <ItemGroup>
    <Filter Include="design">
      <UniqueIdentifier>{7f494a8d-1db1-4531-a7b5-67f20be90b89}</UniqueIdentifier>
    </Filter>
    <Filter Include="console">
      <UniqueIdentifier>{4700eac1-a147-47fc-8c72-fcc44392186b}</UniqueIdentifier>
    </Filter>
    <Filter Include="network">
      <UniqueIdentifier>{83939223-12a5-4fdf-9d03-12231e2401ef}</UniqueIdentifier>
    </Filter>
  </ItemGroup>
  <ItemGroup>
    <ClInclude Include="design\console_design.h">
      <Filter>design</Filter>
    </ClInclude>
    <ClInclude Include="console\console.h">
      <Filter>console</Filter>
    </ClInclude>
    <ClInclude Include="network\server.h">
      <Filter>network</Filter>
    </ClInclude>
    <ClInclude Include="network\message_types.h">
      <Filter>network</Filter>
    </ClInclude>
  </ItemGroup>
</Project>