<?xml version="1.0" encoding="utf-8"?>
<Project ToolsVersion="4.0" xmlns="http://schemas.microsoft.com/developer/msbuild/2003">
  <ItemGroup>
    <Filter Include="core">
      <UniqueIdentifier>{f5f517b5-0758-4910-a7e0-0f5b0a498fa5}</UniqueIdentifier>
    </Filter>
    <Filter Include="filesystem">
      <UniqueIdentifier>{8d8e1690-eed9-43c8-85a2-b4404c617ca8}</UniqueIdentifier>
    </Filter>
    <Filter Include="graphics">
      <UniqueIdentifier>{eff1f206-2f16-4c62-a1ef-6a736c846195}</UniqueIdentifier>
    </Filter>
    <Filter Include="window">
      <UniqueIdentifier>{8b52ebad-e9b7-49bd-bcd8-b5787eb10d4b}</UniqueIdentifier>
    </Filter>
    <Filter Include="hid">
      <UniqueIdentifier>{5c01553e-f02f-42a6-b3b6-ce47eac7a620}</UniqueIdentifier>
    </Filter>
    <Filter Include="graphics\direct3d">
      <UniqueIdentifier>{187f4cd0-0030-4b2e-82c8-a80d62398b1c}</UniqueIdentifier>
    </Filter>
    <Filter Include="util">
      <UniqueIdentifier>{e935618a-56cd-4f32-a73e-234fdedf8e1a}</UniqueIdentifier>
    </Filter>
    <Filter Include="core\threading">
      <UniqueIdentifier>{ad593066-c4c7-4b19-a3e8-2ce0353a8be5}</UniqueIdentifier>
    </Filter>
    <Filter Include="core\memory">
      <UniqueIdentifier>{20417435-41ac-4d44-9736-fc9844b1a756}</UniqueIdentifier>
    </Filter>
  </ItemGroup>
  <ItemGroup>
    <ClCompile Include="window\window.cc">
      <Filter>window</Filter>
    </ClCompile>
    <ClCompile Include="core\blowbox.cc">
      <Filter>core</Filter>
    </ClCompile>
    <ClCompile Include="graphics\direct3d\renderer.cc">
      <Filter>graphics\direct3d</Filter>
    </ClCompile>
    <ClCompile Include="core\threading\job_manager.cc">
      <Filter>core\threading</Filter>
    </ClCompile>
    <ClCompile Include="core\threading\job.cc">
      <Filter>core\threading</Filter>
    </ClCompile>
    <ClCompile Include="core\threading\worker_thread.cc">
      <Filter>core\threading</Filter>
    </ClCompile>
    <ClCompile Include="graphics\direct3d\render_target.cc">
      <Filter>graphics\direct3d</Filter>
    </ClCompile>
    <ClCompile Include="graphics\direct3d\root_signature.cc">
      <Filter>graphics\direct3d</Filter>
    </ClCompile>
    <ClCompile Include="graphics\direct3d\swap_chain.cc">
      <Filter>graphics\direct3d</Filter>
    </ClCompile>
    <ClCompile Include="graphics\direct3d\vertex_buffer.cc">
      <Filter>graphics\direct3d</Filter>
    </ClCompile>
    <ClCompile Include="graphics\direct3d\command_allocator.cc">
      <Filter>graphics\direct3d</Filter>
    </ClCompile>
    <ClCompile Include="graphics\direct3d\command_list.cc">
      <Filter>graphics\direct3d</Filter>
    </ClCompile>
    <ClCompile Include="graphics\direct3d\command_queue.cc">
      <Filter>graphics\direct3d</Filter>
    </ClCompile>
    <ClCompile Include="graphics\direct3d\debug_controller.cc">
      <Filter>graphics\direct3d</Filter>
    </ClCompile>
    <ClCompile Include="graphics\direct3d\depth_stencil.cc">
      <Filter>graphics\direct3d</Filter>
    </ClCompile>
    <ClCompile Include="graphics\direct3d\descriptor_heap.cc">
      <Filter>graphics\direct3d</Filter>
    </ClCompile>
    <ClCompile Include="graphics\direct3d\device.cc">
      <Filter>graphics\direct3d</Filter>
    </ClCompile>
    <ClCompile Include="graphics\direct3d\pipeline_state.cc">
      <Filter>graphics\direct3d</Filter>
    </ClCompile>
    <ClCompile Include="graphics\direct3d\shader.cc">
      <Filter>graphics\direct3d</Filter>
    </ClCompile>
    <ClCompile Include="blowbox_include.h" />
    <ClCompile Include="core\game_object.cc">
      <Filter>core</Filter>
    </ClCompile>
    <ClCompile Include="util\shape_helper.cc">
      <Filter>util</Filter>
    </ClCompile>
    <ClCompile Include="graphics\direct3d\indexed_vertex_buffer.cc">
      <Filter>graphics\direct3d</Filter>
    </ClCompile>
    <ClCompile Include="graphics\direct3d\camera.cc">
      <Filter>graphics\direct3d</Filter>
    </ClCompile>
    <ClCompile Include="graphics\direct3d\constant_buffer.cc">
      <Filter>graphics\direct3d</Filter>
    </ClCompile>
    <ClCompile Include="graphics\direct3d\buffer.cc">
      <Filter>graphics\direct3d</Filter>
    </ClCompile>
    <ClCompile Include="core\memory\memory_manager.cc">
      <Filter>core\memory</Filter>
    </ClCompile>
    <ClCompile Include="core\memory\memory_pool.cc">
      <Filter>core\memory</Filter>
    </ClCompile>
    <ClCompile Include="core\memory\allocator.cc">
      <Filter>core\memory</Filter>
    </ClCompile>
    <ClCompile Include="core\memory\pointer_util.cc">
      <Filter>core\memory</Filter>
    </ClCompile>
  </ItemGroup>
  <ItemGroup>
    <ClInclude Include="window\window.h">
      <Filter>window</Filter>
    </ClInclude>
    <ClInclude Include="core\blowbox.h">
      <Filter>core</Filter>
    </ClInclude>
    <ClInclude Include="graphics\direct3d\renderer.h">
      <Filter>graphics\direct3d</Filter>
    </ClInclude>
    <ClInclude Include="util\macros.h">
      <Filter>util</Filter>
    </ClInclude>
    <ClInclude Include="core\threading\job_manager.h">
      <Filter>core\threading</Filter>
    </ClInclude>
    <ClInclude Include="core\threading\job.h">
      <Filter>core\threading</Filter>
    </ClInclude>
    <ClInclude Include="core\threading\worker_thread.h">
      <Filter>core\threading</Filter>
    </ClInclude>
    <ClInclude Include="graphics\direct3d\direct3d.h">
      <Filter>graphics\direct3d</Filter>
    </ClInclude>
    <ClInclude Include="graphics\direct3d\render_target.h">
      <Filter>graphics\direct3d</Filter>
    </ClInclude>
    <ClInclude Include="graphics\direct3d\root_signature.h">
      <Filter>graphics\direct3d</Filter>
    </ClInclude>
    <ClInclude Include="graphics\direct3d\swap_chain.h">
      <Filter>graphics\direct3d</Filter>
    </ClInclude>
    <ClInclude Include="graphics\direct3d\vertex_buffer.h">
      <Filter>graphics\direct3d</Filter>
    </ClInclude>
    <ClInclude Include="graphics\direct3d\command_allocator.h">
      <Filter>graphics\direct3d</Filter>
    </ClInclude>
    <ClInclude Include="graphics\direct3d\command_list.h">
      <Filter>graphics\direct3d</Filter>
    </ClInclude>
    <ClInclude Include="graphics\direct3d\command_queue.h">
      <Filter>graphics\direct3d</Filter>
    </ClInclude>
    <ClInclude Include="graphics\direct3d\debug_controller.h">
      <Filter>graphics\direct3d</Filter>
    </ClInclude>
    <ClInclude Include="graphics\direct3d\depth_stencil.h">
      <Filter>graphics\direct3d</Filter>
    </ClInclude>
    <ClInclude Include="graphics\direct3d\descriptor_heap.h">
      <Filter>graphics\direct3d</Filter>
    </ClInclude>
    <ClInclude Include="graphics\direct3d\device.h">
      <Filter>graphics\direct3d</Filter>
    </ClInclude>
    <ClInclude Include="graphics\direct3d\pipeline_state.h">
      <Filter>graphics\direct3d</Filter>
    </ClInclude>
    <ClInclude Include="graphics\direct3d\shader.h">
      <Filter>graphics\direct3d</Filter>
    </ClInclude>
    <ClInclude Include="graphics\direct3d\vertex.h">
      <Filter>graphics\direct3d</Filter>
    </ClInclude>
    <ClInclude Include="util\s2ws.h">
      <Filter>util</Filter>
    </ClInclude>
    <ClInclude Include="core\game_object.h">
      <Filter>core</Filter>
    </ClInclude>
    <ClInclude Include="util\shape_helper.h">
      <Filter>util</Filter>
    </ClInclude>
    <ClInclude Include="graphics\direct3d\indexed_vertex_buffer.h">
      <Filter>graphics\direct3d</Filter>
    </ClInclude>
    <ClInclude Include="graphics\direct3d\camera.h">
      <Filter>graphics\direct3d</Filter>
    </ClInclude>
    <ClInclude Include="graphics\direct3d\constant_buffer.h">
      <Filter>graphics\direct3d</Filter>
    </ClInclude>
    <ClInclude Include="graphics\direct3d\resource.h">
      <Filter>graphics\direct3d</Filter>
    </ClInclude>
    <ClInclude Include="graphics\direct3d\buffer.h">
      <Filter>graphics\direct3d</Filter>
    </ClInclude>
    <ClInclude Include="core\memory\memory_manager.h">
      <Filter>core\memory</Filter>
    </ClInclude>
    <ClInclude Include="core\memory\memory_pool.h">
      <Filter>core\memory</Filter>
    </ClInclude>
    <ClInclude Include="core\memory\heap_inspector.h">
      <Filter>core\memory</Filter>
    </ClInclude>
    <ClInclude Include="core\memory\allocator.h">
      <Filter>core\memory</Filter>
    </ClInclude>
    <ClInclude Include="core\memory\pointer_util.h">
      <Filter>core\memory</Filter>
    </ClInclude>
  </ItemGroup>
</Project>