<?xml version="1.0" encoding="utf-8"?>
<Project ToolsVersion="4.0" xmlns="http://schemas.microsoft.com/developer/msbuild/2003">
  <ItemGroup>
    <Filter Include="memory">
      <UniqueIdentifier>{eb9d8056-2180-488a-8d35-3911f8f36e3f}</UniqueIdentifier>
    </Filter>
  </ItemGroup>
  <ItemGroup>
    <ClCompile Include="memory\pointer_math.cc">
      <Filter>memory</Filter>
    </ClCompile>
    <ClCompile Include="memory\pool_allocator.cc">
      <Filter>memory</Filter>
    </ClCompile>
    <ClCompile Include="memory\proxy_allocator.cc">
      <Filter>memory</Filter>
    </ClCompile>
    <ClCompile Include="memory\stack_allocator.cc">
      <Filter>memory</Filter>
    </ClCompile>
    <ClCompile Include="memory\allocator.cc">
      <Filter>memory</Filter>
    </ClCompile>
    <ClCompile Include="memory\free_list_allocator.cc">
      <Filter>memory</Filter>
    </ClCompile>
    <ClCompile Include="memory\linear_allocator.cc">
      <Filter>memory</Filter>
    </ClCompile>
    <ClCompile Include="memory\memory.cc">
      <Filter>memory</Filter>
    </ClCompile>
    <ClCompile Include="main.cc" />
  </ItemGroup>
  <ItemGroup>
    <ClInclude Include="memory\pointer_math.h">
      <Filter>memory</Filter>
    </ClInclude>
    <ClInclude Include="memory\pool_allocator.h">
      <Filter>memory</Filter>
    </ClInclude>
    <ClInclude Include="memory\proxy_allocator.h">
      <Filter>memory</Filter>
    </ClInclude>
    <ClInclude Include="memory\stack_allocator.h">
      <Filter>memory</Filter>
    </ClInclude>
    <ClInclude Include="memory\allocator.h">
      <Filter>memory</Filter>
    </ClInclude>
    <ClInclude Include="memory\free_list_allocator.h">
      <Filter>memory</Filter>
    </ClInclude>
    <ClInclude Include="memory\linear_allocator.h">
      <Filter>memory</Filter>
    </ClInclude>
    <ClInclude Include="memory\memory.h">
      <Filter>memory</Filter>
    </ClInclude>
  </ItemGroup>
</Project>